{
  "name": "test-proj",
  "version": "1.0.0",
  "lockfileVersion": 2,
  "requires": true,
  "packages": {
    "": {
      "name": "test-proj",
      "version": "1.0.0",
      "license": "ISC",
      "dependencies": {
        "greeting-npm-package": "github:vvimjam/GreetUserNpmPackage"
      }
    },
    "node_modules/greeting-npm-package": {
      "version": "1.0.0",
      "resolved": "git+ssh://git@github.com/vvimjam/GreetUserNpmPackage.git#0c25d9abc73b638de30b2c277894dc276fb2c876",
      "license": "ISC"
    }
  },
  "dependencies": {
    "greeting-npm-package": {
      "version": "git+ssh://git@github.com/vvimjam/GreetUserNpmPackage.git#0c25d9abc73b638de30b2c277894dc276fb2c876",
      "from": "greeting-npm-package@github:vvimjam/GreetUserNpmPackage"
    }
  }
}
